github.com/go-ruby-shellwords/shellwords v0.0.0-20260629114104-e941e4210818 h1:z9b99kWJht8AgtlIbdiq7Y02j6eddxW+rr4MJpCS6kw=
github.com/go-ruby-shellwords/shellwords v0.0.0-20260629114104-e941e4210818/go.mod h1:gJ+9ba+y8+DKenwjZKbTLVSuX6Xp7V5R7pZ6NwtD6x0=
github.com/go-ruby-shellwords/shellwords v0.0.0-20260717074108-d7e869454d70 h1:dSXuxyeUNVgXrkG1zFY+1cLJHsCKeUw/CQy0zd8lQ4c=
github.com/go-ruby-shellwords/shellwords v0.0.0-20260717074108-d7e869454d70/go.mod h1:gJ+9ba+y8+DKenwjZKbTLVSuX6Xp7V5R7pZ6NwtD6x0=
